
Microsoft Visual Studio Solution File, Format Version 12.00
Project("{FAE04EC0-301F-11D3-BF4B-00C04F79EFBC}") = "EnvisionBot", "src\EnvisionBot\EnvisionBot.csproj", "{2614A7F4-8C07-4299-82E7-A12083DA407B}"
EndProject
Global
	GlobalSection(SolutionConfigurationPlatforms) = preSolution
		Debug|Any CPU = Debug|Any CPU
		Release|Any CPU = Release|Any CPU
	EndGlobalSection
	GlobalSection(ProjectConfigurationPlatforms) = postSolution
		{2614A7F4-8C07-4299-82E7-A12083DA407B}.Debug|Any CPU.ActiveCfg = Debug|Any CPU
		{2614A7F4-8C07-4299-82E7-A12083DA407B}.Debug|Any CPU.Build.0 = Debug|Any CPU
		{2614A7F4-8C07-4299-82E7-A12083DA407B}.Release|Any CPU.ActiveCfg = Release|Any CPU
		{2614A7F4-8C07-4299-82E7-A12083DA407B}.Release|Any CPU.Build.0 = Release|Any CPU
	EndGlobalSection
EndGlobal
git rm --cached 